
Microsoft Visual Studio Solution File, Format Version 12.00
# Visual Studio Version 17
VisualStudioVersion = 17.2.32630.192
MinimumVisualStudioVersion = 10.0.40219.1
Project("{FAE04EC0-301F-11D3-BF4B-00C04F79EFBC}") = "Arrays", "Arrays\Arrays.csproj", "{CD7D26E4-55CD-44CC-8E16-BFAA327E879A}"
EndProject
Global
	GlobalSection(SolutionConfigurationPlatforms) = preSolution
		Debug|Any CPU = Debug|Any CPU
		Release|Any CPU = Release|Any CPU
	EndGlobalSection
	GlobalSection(ProjectConfigurationPlatforms) = postSolution
		{CD7D26E4-55CD-44CC-8E16-BFAA327E879A}.Debug|Any CPU.ActiveCfg = Debug|Any CPU
		{CD7D26E4-55CD-44CC-8E16-BFAA327E879A}.Debug|Any CPU.Build.0 = Debug|Any CPU
		{CD7D26E4-55CD-44CC-8E16-BFAA327E879A}.Release|Any CPU.ActiveCfg = Release|Any CPU
		{CD7D26E4-55CD-44CC-8E16-BFAA327E879A}.Release|Any CPU.Build.0 = Release|Any CPU
	EndGlobalSection
	GlobalSection(SolutionProperties) = preSolution
		HideSolutionNode = FALSE
	EndGlobalSection
	GlobalSection(ExtensibilityGlobals) = postSolution
		SolutionGuid = {EA0830D1-930F-4AAA-83FB-5298A5A9F614}
	EndGlobalSection
EndGlobal
